
Microsoft Visual Studio Solution File, Format Version 12.00
# Visual Studio Version 17
VisualStudioVersion = 17.11.35222.181
MinimumVisualStudioVersion = 10.0.40219.1
Project("{9A19103F-16F7-4668-BE54-9A1E7A4F7556}") = "Src", "src\Src.csproj", "{0528FB43-47B9-45FB-9F17-06C931F9B5CD}"
EndProject
Project("{9A19103F-16F7-4668-BE54-9A1E7A4F7556}") = "Test", "tests\Test.csproj", "{059DDC0A-EE46-4324-89F9-639A5DABFD9A}"
EndProject
Global
	GlobalSection(SolutionConfigurationPlatforms) = preSolution
		Debug|Any CPU = Debug|Any CPU
		Release|Any CPU = Release|Any CPU
	EndGlobalSection
	GlobalSection(ProjectConfigurationPlatforms) = postSolution
		{0528FB43-47B9-45FB-9F17-06C931F9B5CD}.Debug|Any CPU.ActiveCfg = Debug|Any CPU
		{0528FB43-47B9-45FB-9F17-06C931F9B5CD}.Debug|Any CPU.Build.0 = Debug|Any CPU
		{0528FB43-47B9-45FB-9F17-06C931F9B5CD}.Release|Any CPU.ActiveCfg = Release|Any CPU
		{0528FB43-47B9-45FB-9F17-06C931F9B5CD}.Release|Any CPU.Build.0 = Release|Any CPU
		{059DDC0A-EE46-4324-89F9-639A5DABFD9A}.Debug|Any CPU.ActiveCfg = Debug|Any CPU
		{059DDC0A-EE46-4324-89F9-639A5DABFD9A}.Debug|Any CPU.Build.0 = Debug|Any CPU
		{059DDC0A-EE46-4324-89F9-639A5DABFD9A}.Release|Any CPU.ActiveCfg = Release|Any CPU
		{059DDC0A-EE46-4324-89F9-639A5DABFD9A}.Release|Any CPU.Build.0 = Release|Any CPU
	EndGlobalSection
	GlobalSection(SolutionProperties) = preSolution
		HideSolutionNode = FALSE
	EndGlobalSection
	GlobalSection(ExtensibilityGlobals) = postSolution
		SolutionGuid = {D69CCD70-9CC5-479F-98B2-87FE98C2CE57}
	EndGlobalSection
EndGlobal
